
Microsoft Visual Studio Solution File, Format Version 12.00
# Visual Studio Version 16
VisualStudioVersion = 16.0.31321.278
MinimumVisualStudioVersion = 10.0.40219.1
Project("{FAE04EC0-301F-11D3-BF4B-00C04F79EFBC}") = "BlogCore", "BlogCore\BlogCore.csproj", "{5852DEAE-EC82-4DBE-BDBE-48109ABA8120}"
EndProject
Global
	GlobalSection(SolutionConfigurationPlatforms) = preSolution
		Debug|Any CPU = Debug|Any CPU
		Release|Any CPU = Release|Any CPU
	EndGlobalSection
	GlobalSection(ProjectConfigurationPlatforms) = postSolution
		{5852DEAE-EC82-4DBE-BDBE-48109ABA8120}.Debug|Any CPU.ActiveCfg = Debug|Any CPU
		{5852DEAE-EC82-4DBE-BDBE-48109ABA8120}.Debug|Any CPU.Build.0 = Debug|Any CPU
		{5852DEAE-EC82-4DBE-BDBE-48109ABA8120}.Release|Any CPU.ActiveCfg = Release|Any CPU
		{5852DEAE-EC82-4DBE-BDBE-48109ABA8120}.Release|Any CPU.Build.0 = Release|Any CPU
	EndGlobalSection
	GlobalSection(SolutionProperties) = preSolution
		HideSolutionNode = FALSE
	EndGlobalSection
	GlobalSection(ExtensibilityGlobals) = postSolution
		SolutionGuid = {6B185DF4-CF8D-4008-914B-F72E1A9D757B}
	EndGlobalSection
EndGlobal
